
Microsoft Visual Studio Solution File, Format Version 12.00
# Visual Studio Version 17
VisualStudioVersion = 17.9.34728.123
MinimumVisualStudioVersion = 10.0.40219.1
Project("{FAE04EC0-301F-11D3-BF4B-00C04F79EFBC}") = "PlacovuApp", "PlacovuApp.csproj", "{69CEF8BE-8630-4A38-B9A2-8B53B76DD822}"
EndProject
Global
	GlobalSection(SolutionConfigurationPlatforms) = preSolution
		Debug|Any CPU = Debug|Any CPU
		Release|Any CPU = Release|Any CPU
	EndGlobalSection
	GlobalSection(ProjectConfigurationPlatforms) = postSolution
		{69CEF8BE-8630-4A38-B9A2-8B53B76DD822}.Debug|Any CPU.ActiveCfg = Debug|Any CPU
		{69CEF8BE-8630-4A38-B9A2-8B53B76DD822}.Debug|Any CPU.Build.0 = Debug|Any CPU
		{69CEF8BE-8630-4A38-B9A2-8B53B76DD822}.Release|Any CPU.ActiveCfg = Release|Any CPU
		{69CEF8BE-8630-4A38-B9A2-8B53B76DD822}.Release|Any CPU.Build.0 = Release|Any CPU
	EndGlobalSection
	GlobalSection(SolutionProperties) = preSolution
		HideSolutionNode = FALSE
	EndGlobalSection
	GlobalSection(ExtensibilityGlobals) = postSolution
		SolutionGuid = {D44E81DB-9AE0-416F-A284-89EC7D826836}
	EndGlobalSection
EndGlobal
